// !$*UTF8*$!
{
	archiveVersion = 1;
	classes = {
	};
	objectVersion = 46;
	objects = {

/* Begin PBXBuildFile section */
		25E7B6DF1BA87879008D96F5 /* AppDelegate.swift in Sources */ = {isa = PBXBuildFile; fileRef = 25E7B6DE1BA87879008D96F5 /* AppDelegate.swift */; };
		25E7B6E11BA87879008D96F5 /* ViewController.swift in Sources */ = {isa = PBXBuildFile; fileRef = 25E7B6E01BA87879008D96F5 /* ViewController.swift */; };
		25E7B6E41BA87879008D96F5 /* Main.storyboard in Resources */ = {isa = PBXBuildFile; fileRef = 25E7B6E21BA87879008D96F5 /* Main.storyboard */; };
		25E7B6E61BA87879008D96F5 /* Images.xcassets in Resources */ = {isa = PBXBuildFile; fileRef = 25E7B6E51BA87879008D96F5 /* Images.xcassets */; };
		25E7B6E91BA87879008D96F5 /* LaunchScreen.xib in Resources */ = {isa = PBXBuildFile; fileRef = 25E7B6E71BA87879008D96F5 /* LaunchScreen.xib */; };
		25E7B6F51BA87879008D96F5 /* ChatTests.swift in Sources */ = {isa = PBXBuildFile; fileRef = 25E7B6F41BA87879008D96F5 /* ChatTests.swift */; };
/* End PBXBuildFile section */

/* Begin PBXContainerItemProxy section */
		25E7B6EF1BA87879008D96F5 /* PBXContainerItemProxy */ = {
			isa = PBXContainerItemProxy;
			containerPortal = 25E7B6D11BA87879008D96F5 /* Project object */;
			proxyType = 1;
			remoteGlobalIDString = 25E7B6D81BA87879008D96F5;
			remoteInfo = Chat;
		};
/* End PBXContainerItemProxy section */

/* Begin PBXFileReference section */
		25E7B6D91BA87879008D96F5 /* Chat.app */ = {isa = PBXFileReference; explicitFileType = wrapper.application; includeInIndex = 0; path = Chat.app; sourceTree = BUILT_PRODUCTS_DIR; };
		25E7B6DD1BA87879008D96F5 /* Info.plist */ = {isa = PBXFileReference; lastKnownFileType = text.plist.xml; path = Info.plist; sourceTree = "<group>"; };
		25E7B6DE1BA87879008D96F5 /* AppDelegate.swift */ = {isa = PBXFileReference; lastKnownFileType = sourcecode.swift; path = AppDelegate.swift; sourceTree = "<group>"; };
		25E7B6E01BA87879008D96F5 /* ViewController.swift */ = {isa = PBXFileReference; lastKnownFileType = sourcecode.swift; path = ViewController.swift; sourceTree = "<group>"; };
		25E7B6E31BA87879008D96F5 /* Base */ = {isa = PBXFileReference; lastKnownFileType = file.storyboard; name = Base; path = Base.lproj/Main.storyboard; sourceTree = "<group>"; };
		25E7B6E51BA87879008D96F5 /* Images.xcassets */ = {isa = PBXFileReference; lastKnownFileType = folder.assetcatalog; path = Images.xcassets; sourceTree = "<group>"; };
		25E7B6E81BA87879008D96F5 /* Base */ = {isa = PBXFileReference; lastKnownFileType = file.xib; name = Base; path = Base.lproj/LaunchScreen.xib; sourceTree = "<group>"; };
		25E7B6EE1BA87879008D96F5 /* ChatTests.xctest */ = {isa = PBXFileReference; explicitFileType = wrapper.cfbundle; includeInIndex = 0; path = ChatTests.xctest; sourceTree = BUILT_PRODUCTS_DIR; };
		25E7B6F31BA87879008D96F5 /* Info.plist */ = {isa = PBXFileReference; lastKnownFileType = text.plist.xml; path = Info.plist; sourceTree = "<group>"; };
		25E7B6F41BA87879008D96F5 /* ChatTests.swift */ = {isa = PBXFileReference; lastKnownFileType = sourcecode.swift; path = ChatTests.swift; sourceTree = "<group>"; };
/* End PBXFileReference section */

/* Begin PBXFrameworksBuildPhase section */
		25E7B6D61BA87879008D96F5 /* Frameworks */ = {
			isa = PBXFrameworksBuildPhase;
			buildActionMask = 2147483647;
			files = (
			);
			runOnlyForDeploymentPostprocessing = 0;
		};
		25E7B6EB1BA87879008D96F5 /* Frameworks */ = {
			isa = PBXFrameworksBuildPhase;
			buildActionMask = 2147483647;
			files = (
			);
			runOnlyForDeploymentPostprocessing = 0;
		};
/* End PBXFrameworksBuildPhase section */

/* Begin PBXGroup section */
		25E7B6D01BA87879008D96F5 = {
			isa = PBXGroup;
			children = (
				25E7B6DB1BA87879008D96F5 /* Chat */,
				25E7B6F11BA87879008D96F5 /* ChatTests */,
				25E7B6DA1BA87879008D96F5 /* Products */,
			);
			sourceTree = "<group>";
		};
		25E7B6DA1BA87879008D96F5 /* Products */ = {
			isa = PBXGroup;
			children = (
				25E7B6D91BA87879008D96F5 /* Chat.app */,
				25E7B6EE1BA87879008D96F5 /* ChatTests.xctest */,
			);
			name = Products;
			sourceTree = "<group>";
		};
		25E7B6DB1BA87879008D96F5 /* Chat */ = {
			isa = PBXGroup;
			children = (
				25E7B6DE1BA87879008D96F5 /* AppDelegate.swift */,
				25E7B6E01BA87879008D96F5 /* ViewController.swift */,
				25E7B6E21BA87879008D96F5 /* Main.storyboard */,
				25E7B6E51BA87879008D96F5 /* Images.xcassets */,
				25E7B6E71BA87879008D96F5 /* LaunchScreen.xib */,
				25E7B6DC1BA87879008D96F5 /* Supporting Files */,
			);
			path = Chat;
			sourceTree = "<group>";
		};
		25E7B6DC1BA87879008D96F5 /* Supporting Files */ = {
			isa = PBXGroup;
			children = (
				25E7B6DD1BA87879008D96F5 /* Info.plist */,
			);
			name = "Supporting Files";
			sourceTree = "<group>";
		};
		25E7B6F11BA87879008D96F5 /* ChatTests */ = {
			isa = PBXGroup;
			children = (
				25E7B6F41BA87879008D96F5 /* ChatTests.swift */,
				25E7B6F21BA87879008D96F5 /* Supporting Files */,
			);
			path = ChatTests;
			sourceTree = "<group>";
		};
		25E7B6F21BA87879008D96F5 /* Supporting Files */ = {
			isa = PBXGroup;
			children = (
				25E7B6F31BA87879008D96F5 /* Info.plist */,
			);
			name = "Supporting Files";
			sourceTree = "<group>";
		};
/* End PBXGroup section */

/* Begin PBXNativeTarget section */
		25E7B6D81BA87879008D96F5 /* Chat */ = {
			isa = PBXNativeTarget;
			buildConfigurationList = 25E7B6F81BA87879008D96F5 /* Build configuration list for PBXNativeTarget "Chat" */;
			buildPhases = (
				25E7B6D51BA87879008D96F5 /* Sources */,
				25E7B6D61BA87879008D96F5 /* Frameworks */,
				25E7B6D71BA87879008D96F5 /* Resources */,
			);
			buildRules = (
			);
			dependencies = (
			);
			name = Chat;
			productName = Chat;
			productReference = 25E7B6D91BA87879008D96F5 /* Chat.app */;
			productType = "com.apple.product-type.application";
		};
		25E7B6ED1BA87879008D96F5 /* ChatTests */ = {
			isa = PBXNativeTarget;
			buildConfigurationList = 25E7B6FB1BA87879008D96F5 /* Build configuration list for PBXNativeTarget "ChatTests" */;
			buildPhases = (
				25E7B6EA1BA87879008D96F5 /* Sources */,
				25E7B6EB1BA87879008D96F5 /* Frameworks */,
				25E7B6EC1BA87879008D96F5 /* Resources */,
			);
			buildRules = (
			);
			dependencies = (
				25E7B6F01BA87879008D96F5 /* PBXTargetDependency */,
			);
			name = ChatTests;
			productName = ChatTests;
			productReference = 25E7B6EE1BA87879008D96F5 /* ChatTests.xctest */;
			productType = "com.apple.product-type.bundle.unit-test";
		};
/* End PBXNativeTarget section */

/* Begin PBXProject section */
		25E7B6D11BA87879008D96F5 /* Project object */ = {
			isa = PBXProject;
			attributes = {
				LastUpgradeCheck = 0640;
				ORGANIZATIONNAME = "马家固";
				TargetAttributes = {
					25E7B6D81BA87879008D96F5 = {
						CreatedOnToolsVersion = 6.4;
					};
					25E7B6ED1BA87879008D96F5 = {
						CreatedOnToolsVersion = 6.4;
						TestTargetID = 25E7B6D81BA87879008D96F5;
					};
				};
			};
			buildConfigurationList = 25E7B6D41BA87879008D96F5 /* Build configuration list for PBXProject "Chat" */;
			compatibilityVersion = "Xcode 3.2";
			developmentRegion = English;
			hasScannedForEncodings = 0;
			knownRegions = (
				en,
				Base,
			);
			mainGroup = 25E7B6D01BA87879008D96F5;
			productRefGroup = 25E7B6DA1BA87879008D96F5 /* Products */;
			projectDirPath = "";
			projectRoot = "";
			targets = (
				25E7B6D81BA87879008D96F5 /* Chat */,
				25E7B6ED1BA87879008D96F5 /* ChatTests */,
			);
		};
/* End PBXProject section */

/* Begin PBXResourcesBuildPhase section */
		25E7B6D71BA87879008D96F5 /* Resources */ = {
			isa = PBXResourcesBuildPhase;
			buildActionMask = 2147483647;
			files = (
				25E7B6E41BA87879008D96F5 /* Main.storyboard in Resources */,
				25E7B6E91BA87879008D96F5 /* LaunchScreen.xib in Resources */,
				25E7B6E61BA87879008D96F5 /* Images.xcassets in Resources */,
			);
			runOnlyForDeploymentPostprocessing = 0;
		};
		25E7B6EC1BA87879008D96F5 /* Resources */ = {
			isa = PBXResourcesBuildPhase;
			buildActionMask = 2147483647;
			files = (
			);
			runOnlyForDeploymentPostprocessing = 0;
		};
/* End PBXResourcesBuildPhase section */

/* Begin PBXSourcesBuildPhase section */
		25E7B6D51BA87879008D96F5 /* Sources */ = {
			isa = PBXSourcesBuildPhase;
			buildActionMask = 2147483647;
			files = (
				25E7B6E11BA87879008D96F5 /* ViewController.swift in Sources */,
				25E7B6DF1BA87879008D96F5 /* AppDelegate.swift in Sources */,
			);
			runOnlyForDeploymentPostprocessing = 0;
		};
		25E7B6EA1BA87879008D96F5 /* Sources */ = {
			isa = PBXSourcesBuildPhase;
			buildActionMask = 2147483647;
			files = (
				25E7B6F51BA87879008D96F5 /* ChatTests.swift in Sources */,
			);
			runOnlyForDeploymentPostprocessing = 0;
		};
/* End PBXSourcesBuildPhase section */

/* Begin PBXTargetDependency section */
		25E7B6F01BA87879008D96F5 /* PBXTargetDependency */ = {
			isa = PBXTargetDependency;
			target = 25E7B6D81BA87879008D96F5 /* Chat */;
			targetProxy = 25E7B6EF1BA87879008D96F5 /* PBXContainerItemProxy */;
		};
/* End PBXTargetDependency section */

/* Begin PBXVariantGroup section */
		25E7B6E21BA87879008D96F5 /* Main.storyboard */ = {
			isa = PBXVariantGroup;
			children = (
				25E7B6E31BA87879008D96F5 /* Base */,
			);
			name = Main.storyboard;
			sourceTree = "<group>";
		};
		25E7B6E71BA87879008D96F5 /* LaunchScreen.xib */ = {
			isa = PBXVariantGroup;
			children = (
				25E7B6E81BA87879008D96F5 /* Base */,
			);
			name = LaunchScreen.xib;
			sourceTree = "<group>";
		};
/* End PBXVariantGroup section */

/* Begin XCBuildConfiguration section */
		25E7B6F61BA87879008D96F5 /* Debug */ = {
			isa = XCBuildConfiguration;
			buildSettings = {
				ALWAYS_SEARCH_USER_PATHS = NO;
				CLANG_CXX_LANGUAGE_STANDARD = "gnu++0x";
				CLANG_CXX_LIBRARY = "libc++";
				CLANG_ENABLE_MODULES = YES;
				CLANG_ENABLE_OBJC_ARC = YES;
				CLANG_WARN_BOOL_CONVERSION = YES;
				CLANG_WARN_CONSTANT_CONVERSION = YES;
				CLANG_WARN_DIRECT_OBJC_ISA_USAGE = YES_ERROR;
				CLANG_WARN_EMPTY_BODY = YES;
				CLANG_WARN_ENUM_CONVERSION = YES;
				CLANG_WARN_INT_CONVERSION = YES;
				CLANG_WARN_OBJC_ROOT_CLASS = YES_ERROR;
				CLANG_WARN_UNREACHABLE_CODE = YES;
				CLANG_WARN__DUPLICATE_METHOD_MATCH = YES;
				"CODE_SIGN_IDENTITY[sdk=iphoneos*]" = "iPhone Developer";
				COPY_PHASE_STRIP = NO;
				DEBUG_INFORMATION_FORMAT = "dwarf-with-dsym";
				ENABLE_STRICT_OBJC_MSGSEND = YES;
				GCC_C_LANGUAGE_STANDARD = gnu99;
				GCC_DYNAMIC_NO_PIC = NO;
				GCC_NO_COMMON_BLOCKS = YES;
				GCC_OPTIMIZATION_LEVEL = 0;
				GCC_PREPROCESSOR_DEFINITIONS = (
					"DEBUG=1",
					"$(inherited)",
				);
				GCC_SYMBOLS_PRIVATE_EXTERN = NO;
				GCC_WARN_64_TO_32_BIT_CONVERSION = YES;
				GCC_WARN_ABOUT_RETURN_TYPE = YES_ERROR;
				GCC_WARN_UNDECLARED_SELECTOR = YES;
				GCC_WARN_UNINITIALIZED_AUTOS = YES_AGGRESSIVE;
				GCC_WARN_UNUSED_FUNCTION = YES;
				GCC_WARN_UNUSED_VARIABLE = YES;
				IPHONEOS_DEPLOYMENT_TARGET = 8.4;
				MTL_ENABLE_DEBUG_INFO = YES;
				ONLY_ACTIVE_ARCH = YES;
				SDKROOT = iphoneos;
				SWIFT_OPTIMIZATION_LEVEL = "-Onone";
			};
			name = Debug;
		};
		25E7B6F71BA87879008D96F5 /* Release */ = {
			isa = XCBuildConfiguration;
			buildSettings = {
				ALWAYS_SEARCH_USER_PATHS = NO;
				CLANG_CXX_LANGUAGE_STANDARD = "gnu++0x";
				CLANG_CXX_LIBRARY = "libc++";
				CLANG_ENABLE_MODULES = YES;
				CLANG_ENABLE_OBJC_ARC = YES;
				CLANG_WARN_BOOL_CONVERSION = YES;
				CLANG_WARN_CONSTANT_CONVERSION = YES;
				CLANG_WARN_DIRECT_OBJC_ISA_USAGE = YES_ERROR;
				CLANG_WARN_EMPTY_BODY = YES;
				CLANG_WARN_ENUM_CONVERSION = YES;
				CLANG_WARN_INT_CONVERSION = YES;
				CLANG_WARN_OBJC_ROOT_CLASS = YES_ERROR;
				CLANG_WARN_UNREACHABLE_CODE = YES;
				CLANG_WARN__DUPLICATE_METHOD_MATCH = YES;
				"CODE_SIGN_IDENTITY[sdk=iphoneos*]" = "iPhone Developer";
				COPY_PHASE_STRIP = NO;
				DEBUG_INFORMATION_FORMAT = "dwarf-with-dsym";
				ENABLE_NS_ASSERTIONS = NO;
				ENABLE_STRICT_OBJC_MSGSEND = YES;
				GCC_C_LANGUAGE_STANDARD = gnu99;
				GCC_NO_COMMON_BLOCKS = YES;
				GCC_WARN_64_TO_32_BIT_CONVERSION = YES;
				GCC_WARN_ABOUT_RETURN_TYPE = YES_ERROR;
				GCC_WARN_UNDECLARED_SELECTOR = YES;
				GCC_WARN_UNINITIALIZED_AUTOS = YES_AGGRESSIVE;
				GCC_WARN_UNUSED_FUNCTION = YES;
				GCC_WARN_UNUSED_VARIABLE = YES;
				IPHONEOS_DEPLOYMENT_TARGET = 8.4;
				MTL_ENABLE_DEBUG_INFO = NO;
				SDKROOT = iphoneos;
				VALIDATE_PRODUCT = YES;
			};
			name = Release;
		};
		25E7B6F91BA87879008D96F5 /* Debug */ = {
			isa = XCBuildConfiguration;
			buildSettings = {
				ASSETCATALOG_COMPILER_APPICON_NAME = AppIcon;
				INFOPLIST_FILE = Chat/Info.plist;
				LD_RUNPATH_SEARCH_PATHS = "$(inherited) @executable_path/Frameworks";
				PRODUCT_NAME = "$(TARGET_NAME)";
			};
			name = Debug;
		};
		25E7B6FA1BA87879008D96F5 /* Release */ = {
			isa = XCBuildConfiguration;
			buildSettings = {
				ASSETCATALOG_COMPILER_APPICON_NAME = AppIcon;
				INFOPLIST_FILE = Chat/Info.plist;
				LD_RUNPATH_SEARCH_PATHS = "$(inherited) @executable_path/Frameworks";
				PRODUCT_NAME = "$(TARGET_NAME)";
			};
			name = Release;
		};
		25E7B6FC1BA87879008D96F5 /* Debug */ = {
			isa = XCBuildConfiguration;
			buildSettings = {
				BUNDLE_LOADER = "$(TEST_HOST)";
				FRAMEWORK_SEARCH_PATHS = (
					"$(SDKROOT)/Developer/Library/Frameworks",
					"$(inherited)",
				);
				GCC_PREPROCESSOR_DEFINITIONS = (
					"DEBUG=1",
					"$(inherited)",
				);
				INFOPLIST_FILE = ChatTests/Info.plist;
				LD_RUNPATH_SEARCH_PATHS = "$(inherited) @executable_path/Frameworks @loader_path/Frameworks";
				PRODUCT_NAME = "$(TARGET_NAME)";
				TEST_HOST = "$(BUILT_PRODUCTS_DIR)/Chat.app/Chat";
			};
			name = Debug;
		};
		25E7B6FD1BA87879008D96F5 /* Release */ = {
			isa = XCBuildConfiguration;
			buildSettings = {
				BUNDLE_LOADER = "$(TEST_HOST)";
				FRAMEWORK_SEARCH_PATHS = (
					"$(SDKROOT)/Developer/Library/Frameworks",
					"$(inherited)",
				);
				INFOPLIST_FILE = ChatTests/Info.plist;
				LD_RUNPATH_SEARCH_PATHS = "$(inherited) @executable_path/Frameworks @loader_path/Frameworks";
				PRODUCT_NAME = "$(TARGET_NAME)";
				TEST_HOST = "$(BUILT_PRODUCTS_DIR)/Chat.app/Chat";
			};
			name = Release;
		};
/* End XCBuildConfiguration section */

/* Begin XCConfigurationList section */
		25E7B6D41BA87879008D96F5 /* Build configuration list for PBXProject "Chat" */ = {
			isa = XCConfigurationList;
			buildConfigurations = (
				25E7B6F61BA87879008D96F5 /* Debug */,
				25E7B6F71BA87879008D96F5 /* Release */,
			);
			defaultConfigurationIsVisible = 0;
			defaultConfigurationName = Release;
		};
		25E7B6F81BA87879008D96F5 /* Build configuration list for PBXNativeTarget "Chat" */ = {
			isa = XCConfigurationList;
			buildConfigurations = (
				25E7B6F91BA87879008D96F5 /* Debug */,
				25E7B6FA1BA87879008D96F5 /* Release */,
			);
			defaultConfigurationIsVisible = 0;
		};
		25E7B6FB1BA87879008D96F5 /* Build configuration list for PBXNativeTarget "ChatTests" */ = {
			isa = XCConfigurationList;
			buildConfigurations = (
				25E7B6FC1BA87879008D96F5 /* Debug */,
				25E7B6FD1BA87879008D96F5 /* Release */,
			);
			defaultConfigurationIsVisible = 0;
		};
/* End XCConfigurationList section */
	};
	rootObject = 25E7B6D11BA87879008D96F5 /* Project object */;
}
